
Microsoft Visual Studio Solution File, Format Version 12.00
# Visual Studio Version 17
VisualStudioVersion = 17.5.002.0
MinimumVisualStudioVersion = 10.0.40219.1
Project("{9A19103F-16F7-4668-BE54-9A1E7A4F7556}") = "Úkol_007", "Úkol_007.csproj", "{BFD8DEB9-22A8-455F-9CBD-18D31A0DBBDC}"
EndProject
Global
	GlobalSection(SolutionConfigurationPlatforms) = preSolution
		Debug|Any CPU = Debug|Any CPU
		Release|Any CPU = Release|Any CPU
	EndGlobalSection
	GlobalSection(ProjectConfigurationPlatforms) = postSolution
		{BFD8DEB9-22A8-455F-9CBD-18D31A0DBBDC}.Debug|Any CPU.ActiveCfg = Debug|Any CPU
		{BFD8DEB9-22A8-455F-9CBD-18D31A0DBBDC}.Debug|Any CPU.Build.0 = Debug|Any CPU
		{BFD8DEB9-22A8-455F-9CBD-18D31A0DBBDC}.Release|Any CPU.ActiveCfg = Release|Any CPU
		{BFD8DEB9-22A8-455F-9CBD-18D31A0DBBDC}.Release|Any CPU.Build.0 = Release|Any CPU
	EndGlobalSection
	GlobalSection(SolutionProperties) = preSolution
		HideSolutionNode = FALSE
	EndGlobalSection
	GlobalSection(ExtensibilityGlobals) = postSolution
		SolutionGuid = {B870F0F0-E051-4824-B9C7-E04C0B3EBF1D}
	EndGlobalSection
EndGlobal
